
Microsoft Visual Studio Solution File, Format Version 12.00
Project("{FAE04EC0-301F-11D3-BF4B-00C04F79EFBC}") = "RaidCalculator", "RaidCalculator\RaidCalculator.csproj", "{BF61EE31-7A66-43B0-A3CF-A548FC422565}"
EndProject
Global
	GlobalSection(SolutionConfigurationPlatforms) = preSolution
		Debug|Any CPU = Debug|Any CPU
		Release|Any CPU = Release|Any CPU
	EndGlobalSection
	GlobalSection(ProjectConfigurationPlatforms) = postSolution
		{BF61EE31-7A66-43B0-A3CF-A548FC422565}.Debug|Any CPU.ActiveCfg = Debug|Any CPU
		{BF61EE31-7A66-43B0-A3CF-A548FC422565}.Debug|Any CPU.Build.0 = Debug|Any CPU
		{BF61EE31-7A66-43B0-A3CF-A548FC422565}.Release|Any CPU.ActiveCfg = Release|Any CPU
		{BF61EE31-7A66-43B0-A3CF-A548FC422565}.Release|Any CPU.Build.0 = Release|Any CPU
	EndGlobalSection
EndGlobal
